
Microsoft Visual Studio Solution File, Format Version 12.00
# Visual Studio Version 16
VisualStudioVersion = 16.0.30002.166
MinimumVisualStudioVersion = 10.0.40219.1
Project("{FAE04EC0-301F-11D3-BF4B-00C04F79EFBC}") = "String-Examples", "String-Examples\String-Examples.csproj", "{6ED7BA49-CBA1-461B-B751-B386E0F644F8}"
EndProject
Global
	GlobalSection(SolutionConfigurationPlatforms) = preSolution
		Debug|Any CPU = Debug|Any CPU
		Release|Any CPU = Release|Any CPU
	EndGlobalSection
	GlobalSection(ProjectConfigurationPlatforms) = postSolution
		{6ED7BA49-CBA1-461B-B751-B386E0F644F8}.Debug|Any CPU.ActiveCfg = Debug|Any CPU
		{6ED7BA49-CBA1-461B-B751-B386E0F644F8}.Debug|Any CPU.Build.0 = Debug|Any CPU
		{6ED7BA49-CBA1-461B-B751-B386E0F644F8}.Release|Any CPU.ActiveCfg = Release|Any CPU
		{6ED7BA49-CBA1-461B-B751-B386E0F644F8}.Release|Any CPU.Build.0 = Release|Any CPU
	EndGlobalSection
	GlobalSection(SolutionProperties) = preSolution
		HideSolutionNode = FALSE
	EndGlobalSection
	GlobalSection(ExtensibilityGlobals) = postSolution
		SolutionGuid = {71B931FA-E05C-4172-B906-EE6B8DD6E7BC}
	EndGlobalSection
EndGlobal
