
Microsoft Visual Studio Solution File, Format Version 12.00
# Visual Studio Version 16
VisualStudioVersion = 16.0.30002.166
MinimumVisualStudioVersion = 10.0.40219.1
Project("{FAE04EC0-301F-11D3-BF4B-00C04F79EFBC}") = "Variables-and-Data-Types", "Variables-and-Data-Types\Variables-and-Data-Types.csproj", "{142AB36B-C84C-4ACA-9354-7E8B613591BD}"
EndProject
Global
	GlobalSection(SolutionConfigurationPlatforms) = preSolution
		Debug|Any CPU = Debug|Any CPU
		Release|Any CPU = Release|Any CPU
	EndGlobalSection
	GlobalSection(ProjectConfigurationPlatforms) = postSolution
		{142AB36B-C84C-4ACA-9354-7E8B613591BD}.Debug|Any CPU.ActiveCfg = Debug|Any CPU
		{142AB36B-C84C-4ACA-9354-7E8B613591BD}.Debug|Any CPU.Build.0 = Debug|Any CPU
		{142AB36B-C84C-4ACA-9354-7E8B613591BD}.Release|Any CPU.ActiveCfg = Release|Any CPU
		{142AB36B-C84C-4ACA-9354-7E8B613591BD}.Release|Any CPU.Build.0 = Release|Any CPU
	EndGlobalSection
	GlobalSection(SolutionProperties) = preSolution
		HideSolutionNode = FALSE
	EndGlobalSection
	GlobalSection(ExtensibilityGlobals) = postSolution
		SolutionGuid = {A940B108-CF40-44FF-A1F6-39209AA31E08}
	EndGlobalSection
EndGlobal
