
Microsoft Visual Studio Solution File, Format Version 12.00
# Visual Studio Version 16
VisualStudioVersion = 16.0.30002.166
MinimumVisualStudioVersion = 10.0.40219.1
Project("{FAE04EC0-301F-11D3-BF4B-00C04F79EFBC}") = "Enum-Practice", "Enum-Practice\Enum-Practice.csproj", "{2F6C2450-0A5C-4A23-831E-5B299A661761}"
EndProject
Global
	GlobalSection(SolutionConfigurationPlatforms) = preSolution
		Debug|Any CPU = Debug|Any CPU
		Release|Any CPU = Release|Any CPU
	EndGlobalSection
	GlobalSection(ProjectConfigurationPlatforms) = postSolution
		{2F6C2450-0A5C-4A23-831E-5B299A661761}.Debug|Any CPU.ActiveCfg = Debug|Any CPU
		{2F6C2450-0A5C-4A23-831E-5B299A661761}.Debug|Any CPU.Build.0 = Debug|Any CPU
		{2F6C2450-0A5C-4A23-831E-5B299A661761}.Release|Any CPU.ActiveCfg = Release|Any CPU
		{2F6C2450-0A5C-4A23-831E-5B299A661761}.Release|Any CPU.Build.0 = Release|Any CPU
	EndGlobalSection
	GlobalSection(SolutionProperties) = preSolution
		HideSolutionNode = FALSE
	EndGlobalSection
	GlobalSection(ExtensibilityGlobals) = postSolution
		SolutionGuid = {6B9AB9E7-A4A4-40F6-9767-35603EDA0769}
	EndGlobalSection
EndGlobal
