
Microsoft Visual Studio Solution File, Format Version 12.00
# Visual Studio Version 16
VisualStudioVersion = 16.0.30002.166
MinimumVisualStudioVersion = 10.0.40219.1
Project("{FAE04EC0-301F-11D3-BF4B-00C04F79EFBC}") = "Method-Overloading-Example", "Method-Overloading-Example\Method-Overloading-Example.csproj", "{00409D3D-BFDF-48D7-8B4F-805D2BCB8E79}"
EndProject
Global
	GlobalSection(SolutionConfigurationPlatforms) = preSolution
		Debug|Any CPU = Debug|Any CPU
		Release|Any CPU = Release|Any CPU
	EndGlobalSection
	GlobalSection(ProjectConfigurationPlatforms) = postSolution
		{00409D3D-BFDF-48D7-8B4F-805D2BCB8E79}.Debug|Any CPU.ActiveCfg = Debug|Any CPU
		{00409D3D-BFDF-48D7-8B4F-805D2BCB8E79}.Debug|Any CPU.Build.0 = Debug|Any CPU
		{00409D3D-BFDF-48D7-8B4F-805D2BCB8E79}.Release|Any CPU.ActiveCfg = Release|Any CPU
		{00409D3D-BFDF-48D7-8B4F-805D2BCB8E79}.Release|Any CPU.Build.0 = Release|Any CPU
	EndGlobalSection
	GlobalSection(SolutionProperties) = preSolution
		HideSolutionNode = FALSE
	EndGlobalSection
	GlobalSection(ExtensibilityGlobals) = postSolution
		SolutionGuid = {F9995CE5-F7E9-4E6A-AA2D-620971CC505B}
	EndGlobalSection
EndGlobal
