
Microsoft Visual Studio Solution File, Format Version 12.00
# Visual Studio Version 16
VisualStudioVersion = 16.0.30002.166
MinimumVisualStudioVersion = 10.0.40219.1
Project("{FAE04EC0-301F-11D3-BF4B-00C04F79EFBC}") = "Acme-Accounting-Welcome", "Acme-Accounting-Welcome\Acme-Accounting-Welcome.csproj", "{D6BCC54A-37FB-4DF8-9FB0-0A8CA58C83D5}"
EndProject
Global
	GlobalSection(SolutionConfigurationPlatforms) = preSolution
		Debug|Any CPU = Debug|Any CPU
		Release|Any CPU = Release|Any CPU
	EndGlobalSection
	GlobalSection(ProjectConfigurationPlatforms) = postSolution
		{D6BCC54A-37FB-4DF8-9FB0-0A8CA58C83D5}.Debug|Any CPU.ActiveCfg = Debug|Any CPU
		{D6BCC54A-37FB-4DF8-9FB0-0A8CA58C83D5}.Debug|Any CPU.Build.0 = Debug|Any CPU
		{D6BCC54A-37FB-4DF8-9FB0-0A8CA58C83D5}.Release|Any CPU.ActiveCfg = Release|Any CPU
		{D6BCC54A-37FB-4DF8-9FB0-0A8CA58C83D5}.Release|Any CPU.Build.0 = Release|Any CPU
	EndGlobalSection
	GlobalSection(SolutionProperties) = preSolution
		HideSolutionNode = FALSE
	EndGlobalSection
	GlobalSection(ExtensibilityGlobals) = postSolution
		SolutionGuid = {97DE8712-E7E6-4597-A153-9EF5B8B0D925}
	EndGlobalSection
EndGlobal
