
Microsoft Visual Studio Solution File, Format Version 12.00
# Visual Studio Version 16
VisualStudioVersion = 16.0.30002.166
MinimumVisualStudioVersion = 10.0.40219.1
Project("{FAE04EC0-301F-11D3-BF4B-00C04F79EFBC}") = "Array-and-List-Demos", "Array-and-List-Demos\Array-and-List-Demos.csproj", "{03E84248-B591-4648-80F1-5E339A36C666}"
EndProject
Global
	GlobalSection(SolutionConfigurationPlatforms) = preSolution
		Debug|Any CPU = Debug|Any CPU
		Release|Any CPU = Release|Any CPU
	EndGlobalSection
	GlobalSection(ProjectConfigurationPlatforms) = postSolution
		{03E84248-B591-4648-80F1-5E339A36C666}.Debug|Any CPU.ActiveCfg = Debug|Any CPU
		{03E84248-B591-4648-80F1-5E339A36C666}.Debug|Any CPU.Build.0 = Debug|Any CPU
		{03E84248-B591-4648-80F1-5E339A36C666}.Release|Any CPU.ActiveCfg = Release|Any CPU
		{03E84248-B591-4648-80F1-5E339A36C666}.Release|Any CPU.Build.0 = Release|Any CPU
	EndGlobalSection
	GlobalSection(SolutionProperties) = preSolution
		HideSolutionNode = FALSE
	EndGlobalSection
	GlobalSection(ExtensibilityGlobals) = postSolution
		SolutionGuid = {A22CCA0D-8A9A-4161-903D-9CD43B307859}
	EndGlobalSection
EndGlobal
